
Microsoft Visual Studio Solution File, Format Version 12.00
# Visual Studio Version 16
VisualStudioVersion = 16.0.29709.97
MinimumVisualStudioVersion = 10.0.40219.1
Project("{FAE04EC0-301F-11D3-BF4B-00C04F79EFBC}") = "WindowConfiguration", "WindowConfiguration\WindowConfiguration.csproj", "{A3741FB3-2A04-4D9B-B037-43C6025C7058}"
EndProject
Global
	GlobalSection(SolutionConfigurationPlatforms) = preSolution
		Debug|Any CPU = Debug|Any CPU
		Debug|x64 = Debug|x64
		Release|Any CPU = Release|Any CPU
		Release|x64 = Release|x64
	EndGlobalSection
	GlobalSection(ProjectConfigurationPlatforms) = postSolution
		{A3741FB3-2A04-4D9B-B037-43C6025C7058}.Debug|Any CPU.ActiveCfg = Debug|Any CPU
		{A3741FB3-2A04-4D9B-B037-43C6025C7058}.Debug|Any CPU.Build.0 = Debug|Any CPU
		{A3741FB3-2A04-4D9B-B037-43C6025C7058}.Debug|x64.ActiveCfg = Debug|x64
		{A3741FB3-2A04-4D9B-B037-43C6025C7058}.Debug|x64.Build.0 = Debug|x64
		{A3741FB3-2A04-4D9B-B037-43C6025C7058}.Release|Any CPU.ActiveCfg = Release|Any CPU
		{A3741FB3-2A04-4D9B-B037-43C6025C7058}.Release|Any CPU.Build.0 = Release|Any CPU
		{A3741FB3-2A04-4D9B-B037-43C6025C7058}.Release|x64.ActiveCfg = Release|x64
		{A3741FB3-2A04-4D9B-B037-43C6025C7058}.Release|x64.Build.0 = Release|x64
	EndGlobalSection
	GlobalSection(SolutionProperties) = preSolution
		HideSolutionNode = FALSE
	EndGlobalSection
	GlobalSection(ExtensibilityGlobals) = postSolution
		SolutionGuid = {38D126D5-09FE-45B4-A9EA-C3FDB0DDB82C}
	EndGlobalSection
EndGlobal
